# This file is automatically @generated by Cargo.
# It is not intended for manual editing.
[[package]]
name = "bindgen"
version = "0.65.1"
source = "registry+https://github.com/rust-lang/crates.io-index"
dependencies = [
 "bitflags 1.3.2 (registry+https://github.com/rust-lang/crates.io-index)",
 "cexpr 0.6.0 (registry+https://github.com/rust-lang/crates.io-index)",
 "clang-sys 1.6.1 (registry+https://github.com/rust-lang/crates.io-index)",
 "lazy_static 1.4.0 (registry+https://github.com/rust-lang/crates.io-index)",
 "lazycell 1.3.0 (registry+https://github.com/rust-lang/crates.io-index)",
 "log 0.4.20 (registry+https://github.com/rust-lang/crates.io-index)",
 "peeking_take_while 0.1.2 (registry+https://github.com/rust-lang/crates.io-index)",
 "prettyplease 0.2.15 (registry+https://github.com/rust-lang/crates.io-index)",
 "proc-macro2 1.0.70 (registry+https://github.com/rust-lang/crates.io-index)",
 "quote 1.0.33 (registry+https://github.com/rust-lang/crates.io-index)",
 "regex 1.7.3 (registry+https://github.com/rust-lang/crates.io-index)",
 "rustc-hash 1.1.0 (registry+https://github.com/rust-lang/crates.io-index)",
 "shlex 1.2.0 (registry+https://github.com/rust-lang/crates.io-index)",
 "syn 2.0.41 (registry+https://github.com/rust-lang/crates.io-index)",
 "which 4.4.0 (registry+https://github.com/rust-lang/crates.io-index)",
]

[[package]]
name = "bitflags"
version = "1.3.2"
source = "registry+https://github.com/rust-lang/crates.io-index"

[[package]]
name = "cc"
version = "1.0.52"
source = "registry+https://github.com/rust-lang/crates.io-index"

[[package]]
name = "cexpr"
version = "0.6.0"
source = "registry+https://github.com/rust-lang/crates.io-index"
dependencies = [
 "nom 7.1.3 (registry+https://github.com/rust-lang/crates.io-index)",
]

[[package]]
name = "cfg-if"
version = "1.0.0"
source = "registry+https://github.com/rust-lang/crates.io-index"

[[package]]
name = "clang-sys"
version = "1.6.1"
source = "registry+https://github.com/rust-lang/crates.io-index"
dependencies = [
 "glob 0.3.1 (registry+https://github.com/rust-lang/crates.io-index)",
 "libc 0.2.151 (registry+https://github.com/rust-lang/crates.io-index)",
 "libloading 0.7.4 (registry+https://github.com/rust-lang/crates.io-index)",
]

[[package]]
name = "either"
version = "1.9.0"
source = "registry+https://github.com/rust-lang/crates.io-index"

[[package]]
name = "glob"
version = "0.3.1"
source = "registry+https://github.com/rust-lang/crates.io-index"

[[package]]
name = "lazy_static"
version = "1.4.0"
source = "registry+https://github.com/rust-lang/crates.io-index"

[[package]]
name = "lazycell"
version = "1.3.0"
source = "registry+https://github.com/rust-lang/crates.io-index"

[[package]]
name = "libc"
version = "0.2.151"
source = "registry+https://github.com/rust-lang/crates.io-index"

[[package]]
name = "libftdi1-source-lgpl"
version = "1.5.0"

[[package]]
name = "libftdi1-sys"
version = "1.1.2"
dependencies = [
 "bindgen 0.65.1 (registry+https://github.com/rust-lang/crates.io-index)",
 "cc 1.0.52 (registry+https://github.com/rust-lang/crates.io-index)",
 "cfg-if 1.0.0 (registry+https://github.com/rust-lang/crates.io-index)",
 "libc 0.2.151 (registry+https://github.com/rust-lang/crates.io-index)",
 "libftdi1-source-lgpl 1.5.0",
 "libusb1-sys 0.6.2 (registry+https://github.com/rust-lang/crates.io-index)",
 "pkg-config 0.3.27 (registry+https://github.com/rust-lang/crates.io-index)",
 "vcpkg 0.2.15 (registry+https://github.com/rust-lang/crates.io-index)",
]

[[package]]
name = "libloading"
version = "0.7.4"
source = "registry+https://github.com/rust-lang/crates.io-index"
dependencies = [
 "cfg-if 1.0.0 (registry+https://github.com/rust-lang/crates.io-index)",
 "winapi 0.3.9 (registry+https://github.com/rust-lang/crates.io-index)",
]

[[package]]
name = "libusb1-sys"
version = "0.6.2"
source = "registry+https://github.com/rust-lang/crates.io-index"
dependencies = [
 "cc 1.0.52 (registry+https://github.com/rust-lang/crates.io-index)",
 "libc 0.2.151 (registry+https://github.com/rust-lang/crates.io-index)",
 "pkg-config 0.3.27 (registry+https://github.com/rust-lang/crates.io-index)",
 "vcpkg 0.2.15 (registry+https://github.com/rust-lang/crates.io-index)",
]

[[package]]
name = "log"
version = "0.4.20"
source = "registry+https://github.com/rust-lang/crates.io-index"

[[package]]
name = "memchr"
version = "2.6.4"
source = "registry+https://github.com/rust-lang/crates.io-index"

[[package]]
name = "minimal-lexical"
version = "0.2.1"
source = "registry+https://github.com/rust-lang/crates.io-index"

[[package]]
name = "nom"
version = "7.1.3"
source = "registry+https://github.com/rust-lang/crates.io-index"
dependencies = [
 "memchr 2.6.4 (registry+https://github.com/rust-lang/crates.io-index)",
 "minimal-lexical 0.2.1 (registry+https://github.com/rust-lang/crates.io-index)",
]

[[package]]
name = "once_cell"
version = "1.19.0"
source = "registry+https://github.com/rust-lang/crates.io-index"

[[package]]
name = "peeking_take_while"
version = "0.1.2"
source = "registry+https://github.com/rust-lang/crates.io-index"

[[package]]
name = "pkg-config"
version = "0.3.27"
source = "registry+https://github.com/rust-lang/crates.io-index"

[[package]]
name = "prettyplease"
version = "0.2.15"
source = "registry+https://github.com/rust-lang/crates.io-index"
dependencies = [
 "proc-macro2 1.0.70 (registry+https://github.com/rust-lang/crates.io-index)",
 "syn 2.0.41 (registry+https://github.com/rust-lang/crates.io-index)",
]

[[package]]
name = "proc-macro2"
version = "1.0.70"
source = "registry+https://github.com/rust-lang/crates.io-index"
dependencies = [
 "unicode-ident 1.0.12 (registry+https://github.com/rust-lang/crates.io-index)",
]

[[package]]
name = "quote"
version = "1.0.33"
source = "registry+https://github.com/rust-lang/crates.io-index"
dependencies = [
 "proc-macro2 1.0.70 (registry+https://github.com/rust-lang/crates.io-index)",
]

[[package]]
name = "regex"
version = "1.7.3"
source = "registry+https://github.com/rust-lang/crates.io-index"
dependencies = [
 "regex-syntax 0.6.29 (registry+https://github.com/rust-lang/crates.io-index)",
]

[[package]]
name = "regex-syntax"
version = "0.6.29"
source = "registry+https://github.com/rust-lang/crates.io-index"

[[package]]
name = "rustc-hash"
version = "1.1.0"
source = "registry+https://github.com/rust-lang/crates.io-index"

[[package]]
name = "shlex"
version = "1.2.0"
source = "registry+https://github.com/rust-lang/crates.io-index"

[[package]]
name = "syn"
version = "2.0.41"
source = "registry+https://github.com/rust-lang/crates.io-index"
dependencies = [
 "proc-macro2 1.0.70 (registry+https://github.com/rust-lang/crates.io-index)",
 "quote 1.0.33 (registry+https://github.com/rust-lang/crates.io-index)",
 "unicode-ident 1.0.12 (registry+https://github.com/rust-lang/crates.io-index)",
]

[[package]]
name = "unicode-ident"
version = "1.0.12"
source = "registry+https://github.com/rust-lang/crates.io-index"

[[package]]
name = "vcpkg"
version = "0.2.15"
source = "registry+https://github.com/rust-lang/crates.io-index"

[[package]]
name = "which"
version = "4.4.0"
source = "registry+https://github.com/rust-lang/crates.io-index"
dependencies = [
 "either 1.9.0 (registry+https://github.com/rust-lang/crates.io-index)",
 "libc 0.2.151 (registry+https://github.com/rust-lang/crates.io-index)",
 "once_cell 1.19.0 (registry+https://github.com/rust-lang/crates.io-index)",
]

[[package]]
name = "winapi"
version = "0.3.9"
source = "registry+https://github.com/rust-lang/crates.io-index"
dependencies = [
 "winapi-i686-pc-windows-gnu 0.4.0 (registry+https://github.com/rust-lang/crates.io-index)",
 "winapi-x86_64-pc-windows-gnu 0.4.0 (registry+https://github.com/rust-lang/crates.io-index)",
]

[[package]]
name = "winapi-i686-pc-windows-gnu"
version = "0.4.0"
source = "registry+https://github.com/rust-lang/crates.io-index"

[[package]]
name = "winapi-x86_64-pc-windows-gnu"
version = "0.4.0"
source = "registry+https://github.com/rust-lang/crates.io-index"

[metadata]
"checksum bindgen 0.65.1 (registry+https://github.com/rust-lang/crates.io-index)" = "cfdf7b466f9a4903edc73f95d6d2bcd5baf8ae620638762244d3f60143643cc5"
"checksum bitflags 1.3.2 (registry+https://github.com/rust-lang/crates.io-index)" = "bef38d45163c2f1dde094a7dfd33ccf595c92905c8f8f4fdc18d06fb1037718a"
"checksum cc 1.0.52 (registry+https://github.com/rust-lang/crates.io-index)" = "c3d87b23d6a92cd03af510a5ade527033f6aa6fa92161e2d5863a907d4c5e31d"
"checksum cexpr 0.6.0 (registry+https://github.com/rust-lang/crates.io-index)" = "6fac387a98bb7c37292057cffc56d62ecb629900026402633ae9160df93a8766"
"checksum cfg-if 1.0.0 (registry+https://github.com/rust-lang/crates.io-index)" = "baf1de4339761588bc0619e3cbc0120ee582ebb74b53b4efbf79117bd2da40fd"
"checksum clang-sys 1.6.1 (registry+https://github.com/rust-lang/crates.io-index)" = "c688fc74432808e3eb684cae8830a86be1d66a2bd58e1f248ed0960a590baf6f"
"checksum either 1.9.0 (registry+https://github.com/rust-lang/crates.io-index)" = "a26ae43d7bcc3b814de94796a5e736d4029efb0ee900c12e2d54c993ad1a1e07"
"checksum glob 0.3.1 (registry+https://github.com/rust-lang/crates.io-index)" = "d2fabcfbdc87f4758337ca535fb41a6d701b65693ce38287d856d1674551ec9b"
"checksum lazy_static 1.4.0 (registry+https://github.com/rust-lang/crates.io-index)" = "e2abad23fbc42b3700f2f279844dc832adb2b2eb069b2df918f455c4e18cc646"
"checksum lazycell 1.3.0 (registry+https://github.com/rust-lang/crates.io-index)" = "830d08ce1d1d941e6b30645f1a0eb5643013d835ce3779a5fc208261dbe10f55"
"checksum libc 0.2.151 (registry+https://github.com/rust-lang/crates.io-index)" = "302d7ab3130588088d277783b1e2d2e10c9e9e4a16dd9050e6ec93fb3e7048f4"
"checksum libloading 0.7.4 (registry+https://github.com/rust-lang/crates.io-index)" = "b67380fd3b2fbe7527a606e18729d21c6f3951633d0500574c4dc22d2d638b9f"
"checksum libusb1-sys 0.6.2 (registry+https://github.com/rust-lang/crates.io-index)" = "6dfab089105aa85a3b492b421bd90d55e6257f00f8447cc3873c44f8206809ce"
"checksum log 0.4.20 (registry+https://github.com/rust-lang/crates.io-index)" = "b5e6163cb8c49088c2c36f57875e58ccd8c87c7427f7fbd50ea6710b2f3f2e8f"
"checksum memchr 2.6.4 (registry+https://github.com/rust-lang/crates.io-index)" = "f665ee40bc4a3c5590afb1e9677db74a508659dfd71e126420da8274909a0167"
"checksum minimal-lexical 0.2.1 (registry+https://github.com/rust-lang/crates.io-index)" = "68354c5c6bd36d73ff3feceb05efa59b6acb7626617f4962be322a825e61f79a"
"checksum nom 7.1.3 (registry+https://github.com/rust-lang/crates.io-index)" = "d273983c5a657a70a3e8f2a01329822f3b8c8172b73826411a55751e404a0a4a"
"checksum once_cell 1.19.0 (registry+https://github.com/rust-lang/crates.io-index)" = "3fdb12b2476b595f9358c5161aa467c2438859caa136dec86c26fdd2efe17b92"
"checksum peeking_take_while 0.1.2 (registry+https://github.com/rust-lang/crates.io-index)" = "19b17cddbe7ec3f8bc800887bab5e717348c95ea2ca0b1bf0837fb964dc67099"
"checksum pkg-config 0.3.27 (registry+https://github.com/rust-lang/crates.io-index)" = "26072860ba924cbfa98ea39c8c19b4dd6a4a25423dbdf219c1eca91aa0cf6964"
"checksum prettyplease 0.2.15 (registry+https://github.com/rust-lang/crates.io-index)" = "ae005bd773ab59b4725093fd7df83fd7892f7d8eafb48dbd7de6e024e4215f9d"
"checksum proc-macro2 1.0.70 (registry+https://github.com/rust-lang/crates.io-index)" = "39278fbbf5fb4f646ce651690877f89d1c5811a3d4acb27700c1cb3cdb78fd3b"
"checksum quote 1.0.33 (registry+https://github.com/rust-lang/crates.io-index)" = "5267fca4496028628a95160fc423a33e8b2e6af8a5302579e322e4b520293cae"
"checksum regex 1.7.3 (registry+https://github.com/rust-lang/crates.io-index)" = "8b1f693b24f6ac912f4893ef08244d70b6067480d2f1a46e950c9691e6749d1d"
"checksum regex-syntax 0.6.29 (registry+https://github.com/rust-lang/crates.io-index)" = "f162c6dd7b008981e4d40210aca20b4bd0f9b60ca9271061b07f78537722f2e1"
"checksum rustc-hash 1.1.0 (registry+https://github.com/rust-lang/crates.io-index)" = "08d43f7aa6b08d49f382cde6a7982047c3426db949b1424bc4b7ec9ae12c6ce2"
"checksum shlex 1.2.0 (registry+https://github.com/rust-lang/crates.io-index)" = "a7cee0529a6d40f580e7a5e6c495c8fbfe21b7b52795ed4bb5e62cdf92bc6380"
"checksum syn 2.0.41 (registry+https://github.com/rust-lang/crates.io-index)" = "44c8b28c477cc3bf0e7966561e3460130e1255f7a1cf71931075f1c5e7a7e269"
"checksum unicode-ident 1.0.12 (registry+https://github.com/rust-lang/crates.io-index)" = "3354b9ac3fae1ff6755cb6db53683adb661634f67557942dea4facebec0fee4b"
"checksum vcpkg 0.2.15 (registry+https://github.com/rust-lang/crates.io-index)" = "accd4ea62f7bb7a82fe23066fb0957d48ef677f6eeb8215f372f52e48bb32426"
"checksum which 4.4.0 (registry+https://github.com/rust-lang/crates.io-index)" = "2441c784c52b289a054b7201fc93253e288f094e2f4be9058343127c4226a269"
"checksum winapi 0.3.9 (registry+https://github.com/rust-lang/crates.io-index)" = "5c839a674fcd7a98952e593242ea400abe93992746761e38641405d28b00f419"
"checksum winapi-i686-pc-windows-gnu 0.4.0 (registry+https://github.com/rust-lang/crates.io-index)" = "ac3b87c63620426dd9b991e5ce0329eff545bccbbb34f3be09ff6fb6ab51b7b6"
"checksum winapi-x86_64-pc-windows-gnu 0.4.0 (registry+https://github.com/rust-lang/crates.io-index)" = "712e227841d057c1ee1cd2fb22fa7e5a5461ae8e48fa2ca79ec42cfc1931183f"
